// !$*UTF8*$!
{
	archiveVersion = 1;
	classes = {
	};
	objectVersion = 50;
	objects = {

/* Begin PBXBuildFile section */
		C91112592342986C00E72530 /* ImpactRuntimeException.h in Headers */ = {isa = PBXBuildFile; fileRef = C91112572342986C00E72530 /* ImpactRuntimeException.h */; };
		C911125A2342986C00E72530 /* ImpactRuntimeException.mm in Sources */ = {isa = PBXBuildFile; fileRef = C91112582342986C00E72530 /* ImpactRuntimeException.mm */; };
		C911125D2342E51700E72530 /* UncaughtNSException.m in Sources */ = {isa = PBXBuildFile; fileRef = C911125C2342E51700E72530 /* UncaughtNSException.m */; };
		C911126023442DD600E72530 /* NonMainThreadUncaughtNSException.m in Sources */ = {isa = PBXBuildFile; fileRef = C911125F23442DD600E72530 /* NonMainThreadUncaughtNSException.m */; };
		C91112652345836A00E72530 /* ImpactBinaryImage.h in Headers */ = {isa = PBXBuildFile; fileRef = C91112632345836A00E72530 /* ImpactBinaryImage.h */; };
		C91112662345836A00E72530 /* ImpactBinaryImage.c in Sources */ = {isa = PBXBuildFile; fileRef = C91112642345836A00E72530 /* ImpactBinaryImage.c */; };
		C9111269234613AE00E72530 /* ImpactCompactUnwind.h in Headers */ = {isa = PBXBuildFile; fileRef = C9111267234613AE00E72530 /* ImpactCompactUnwind.h */; };
		C911126A234613AE00E72530 /* ImpactCompactUnwind.c in Sources */ = {isa = PBXBuildFile; fileRef = C9111268234613AE00E72530 /* ImpactCompactUnwind.c */; };
		C911126C234613D600E72530 /* ImpactCompactUnwindTests.m in Sources */ = {isa = PBXBuildFile; fileRef = C911126B234613D600E72530 /* ImpactCompactUnwindTests.m */; };
		C911126E234631F900E72530 /* ImpactUnwind_x86_64.c in Sources */ = {isa = PBXBuildFile; fileRef = C911126D234631F900E72530 /* ImpactUnwind_x86_64.c */; };
		C91112712346D1CE00E72530 /* unwind in Resources */ = {isa = PBXBuildFile; fileRef = C91112702346D1CE00E72530 /* unwind */; };
		C91112722346D26D00E72530 /* ImpactUnwind.c in Sources */ = {isa = PBXBuildFile; fileRef = C925035E233FDDB400022334 /* ImpactUnwind.c */; };
		C91112742348B95500E72530 /* ImpactDWARFCFITests.m in Sources */ = {isa = PBXBuildFile; fileRef = C91112732348B95500E72530 /* ImpactDWARFCFITests.m */; };
		C911127E2348B9AF00E72530 /* ImpactDataCursor.h in Headers */ = {isa = PBXBuildFile; fileRef = C91112762348B9AE00E72530 /* ImpactDataCursor.h */; };
		C911127F2348B9AF00E72530 /* ImpactDWARF.c in Sources */ = {isa = PBXBuildFile; fileRef = C91112772348B9AE00E72530 /* ImpactDWARF.c */; };
		C91112802348B9AF00E72530 /* ImpactDWARFDefines.h in Headers */ = {isa = PBXBuildFile; fileRef = C91112782348B9AE00E72530 /* ImpactDWARFDefines.h */; };
		C91112812348B9AF00E72530 /* ImpactDWARF.h in Headers */ = {isa = PBXBuildFile; fileRef = C91112792348B9AF00E72530 /* ImpactDWARF.h */; };
		C91112822348B9AF00E72530 /* ImpactDataCursor.c in Sources */ = {isa = PBXBuildFile; fileRef = C911127A2348B9AF00E72530 /* ImpactDataCursor.c */; };
		C91112832348B9AF00E72530 /* ImpactLEB.h in Headers */ = {isa = PBXBuildFile; fileRef = C911127B2348B9AF00E72530 /* ImpactLEB.h */; };
		C91112842348B9AF00E72530 /* ImpactDWARFParser.c in Sources */ = {isa = PBXBuildFile; fileRef = C911127C2348B9AF00E72530 /* ImpactDWARFParser.c */; };
		C91112852348B9AF00E72530 /* ImpactDWARFParser.h in Headers */ = {isa = PBXBuildFile; fileRef = C911127D2348B9AF00E72530 /* ImpactDWARFParser.h */; };
		C925034B233D126A00022334 /* ImpactState.c in Sources */ = {isa = PBXBuildFile; fileRef = C925034A233D126A00022334 /* ImpactState.c */; };
		C9250358233E9E9A00022334 /* ImpactThread.h in Headers */ = {isa = PBXBuildFile; fileRef = C9250356233E9E9A00022334 /* ImpactThread.h */; };
		C9250359233E9E9A00022334 /* ImpactThread.c in Sources */ = {isa = PBXBuildFile; fileRef = C9250357233E9E9A00022334 /* ImpactThread.c */; };
		C925035B233EE76900022334 /* ImpactLogTests.m in Sources */ = {isa = PBXBuildFile; fileRef = C925035A233EE76900022334 /* ImpactLogTests.m */; };
		C925035F233FDDB400022334 /* ImpactUnwind.h in Headers */ = {isa = PBXBuildFile; fileRef = C925035D233FDDB400022334 /* ImpactUnwind.h */; };
		C9250367234244CD00022334 /* ImpactMonitoredApplication.h in Headers */ = {isa = PBXBuildFile; fileRef = C9250365234244CD00022334 /* ImpactMonitoredApplication.h */; settings = {ATTRIBUTES = (Public, ); }; };
		C9250368234244CD00022334 /* ImpactMonitoredApplication.m in Sources */ = {isa = PBXBuildFile; fileRef = C9250366234244CD00022334 /* ImpactMonitoredApplication.m */; };
		C9359E3B23500F0A000F0572 /* CPPException.mm in Sources */ = {isa = PBXBuildFile; fileRef = C9359E3A23500F0A000F0572 /* CPPException.mm */; };
		C9359E42235392B6000F0572 /* ImpactDWARFCFIInstructions.h in Headers */ = {isa = PBXBuildFile; fileRef = C9359E40235392B6000F0572 /* ImpactDWARFCFIInstructions.h */; };
		C9359E43235392B6000F0572 /* ImpactDWARFCFIInstructions.c in Sources */ = {isa = PBXBuildFile; fileRef = C9359E41235392B6000F0572 /* ImpactDWARFCFIInstructions.c */; };
		C9359E462354FFAB000F0572 /* ImpactCrashHelper.m in Sources */ = {isa = PBXBuildFile; fileRef = C9359E452354FFAB000F0572 /* ImpactCrashHelper.m */; };
		C939C979234D753E00E2D22D /* ImpactUnwind_arm.c in Sources */ = {isa = PBXBuildFile; fileRef = C939C978234D753E00E2D22D /* ImpactUnwind_arm.c */; };
		C939C97B234E1CA500E2D22D /* ImpactUnwind_i386.c in Sources */ = {isa = PBXBuildFile; fileRef = C939C97A234E1CA500E2D22D /* ImpactUnwind_i386.c */; };
		C939C97D234E2D3300E2D22D /* ImpactUnwind_arm64.c in Sources */ = {isa = PBXBuildFile; fileRef = C939C97C234E2D3300E2D22D /* ImpactUnwind_arm64.c */; };
		C99FB1D3234A642700FFABD0 /* ImpactUtility.c in Sources */ = {isa = PBXBuildFile; fileRef = C99FB1D2234A642700FFABD0 /* ImpactUtility.c */; };
		C9A4138E2331007600059F5D /* Impact.framework in Frameworks */ = {isa = PBXBuildFile; fileRef = C9A413842331007600059F5D /* Impact.framework */; };
		C9A413952331007600059F5D /* Impact.h in Headers */ = {isa = PBXBuildFile; fileRef = C9A413872331007600059F5D /* Impact.h */; settings = {ATTRIBUTES = (Public, ); }; };
		C9A413A6233103A500059F5D /* AppDelegate.swift in Sources */ = {isa = PBXBuildFile; fileRef = C9A413A5233103A500059F5D /* AppDelegate.swift */; };
		C9A413A8233103A600059F5D /* Assets.xcassets in Resources */ = {isa = PBXBuildFile; fileRef = C9A413A7233103A600059F5D /* Assets.xcassets */; };
		C9A413AB233103A600059F5D /* MainMenu.xib in Resources */ = {isa = PBXBuildFile; fileRef = C9A413A9233103A600059F5D /* MainMenu.xib */; };
		C9A413C22331045600059F5D /* ViewController.swift in Sources */ = {isa = PBXBuildFile; fileRef = C9A413C12331045600059F5D /* ViewController.swift */; };
		C9A413C52331B73200059F5D /* ImpactCrashTests.swift in Sources */ = {isa = PBXBuildFile; fileRef = C9A413C42331B73200059F5D /* ImpactCrashTests.swift */; };
		C9A413CC233243CF00059F5D /* CrashInvocation.m in Sources */ = {isa = PBXBuildFile; fileRef = C9A413CB233243CF00059F5D /* CrashInvocation.m */; };
		C9A413CF2332440C00059F5D /* InvokeAbort.m in Sources */ = {isa = PBXBuildFile; fileRef = C9A413CE2332440C00059F5D /* InvokeAbort.m */; };
		C9A413D22332458400059F5D /* ImpactMonitor.h in Headers */ = {isa = PBXBuildFile; fileRef = C9A413D02332458400059F5D /* ImpactMonitor.h */; settings = {ATTRIBUTES = (Public, ); }; };
		C9A413D32332458400059F5D /* ImpactMonitor.m in Sources */ = {isa = PBXBuildFile; fileRef = C9A413D12332458400059F5D /* ImpactMonitor.m */; };
		C9A413D72332481300059F5D /* ImpactSignal.h in Headers */ = {isa = PBXBuildFile; fileRef = C9A413D52332481300059F5D /* ImpactSignal.h */; };
		C9A413D82332481300059F5D /* ImpactSignal.c in Sources */ = {isa = PBXBuildFile; fileRef = C9A413D62332481300059F5D /* ImpactSignal.c */; };
		C9A413DC23324E9E00059F5D /* ImpactLog.h in Headers */ = {isa = PBXBuildFile; fileRef = C9A413DA23324E9E00059F5D /* ImpactLog.h */; };
		C9A413DD23324E9E00059F5D /* ImpactLog.m in Sources */ = {isa = PBXBuildFile; fileRef = C9A413DB23324E9E00059F5D /* ImpactLog.m */; };
		C9A413E2233251BB00059F5D /* ImpactState.h in Headers */ = {isa = PBXBuildFile; fileRef = C9A413E0233251BB00059F5D /* ImpactState.h */; };
		C9A413E52333061F00059F5D /* Impact.framework in Frameworks */ = {isa = PBXBuildFile; fileRef = C9A413842331007600059F5D /* Impact.framework */; };
		C9A413E62333061F00059F5D /* Impact.framework in Embed Frameworks */ = {isa = PBXBuildFile; fileRef = C9A413842331007600059F5D /* Impact.framework */; settings = {ATTRIBUTES = (CodeSignOnCopy, RemoveHeadersOnCopy, ); }; };
		C9A413F023338DF000059F5D /* ImpactCrashHandler.c in Sources */ = {isa = PBXBuildFile; fileRef = C9A413EE23338DF000059F5D /* ImpactCrashHandler.c */; };
		C9A413F123338DF000059F5D /* ImpactCrashHandler.h in Headers */ = {isa = PBXBuildFile; fileRef = C9A413EF23338DF000059F5D /* ImpactCrashHandler.h */; };
		C9A413F423338EB100059F5D /* ImpactCPU.h in Headers */ = {isa = PBXBuildFile; fileRef = C9A413F223338EB100059F5D /* ImpactCPU.h */; };
		C9A413F523338EB100059F5D /* ImpactCPU.c in Sources */ = {isa = PBXBuildFile; fileRef = C9A413F323338EB100059F5D /* ImpactCPU.c */; };
		C9A413F82333983500059F5D /* ImpactMachException.h in Headers */ = {isa = PBXBuildFile; fileRef = C9A413F62333983500059F5D /* ImpactMachException.h */; };
		C9A413F92333983500059F5D /* ImpactMachException.c in Sources */ = {isa = PBXBuildFile; fileRef = C9A413F72333983500059F5D /* ImpactMachException.c */; };
		C9A414012333C4D800059F5D /* NullDereference.m in Sources */ = {isa = PBXBuildFile; fileRef = C9A413FE2333C4AD00059F5D /* NullDereference.m */; };
/* End PBXBuildFile section */

/* Begin PBXContainerItemProxy section */
		C9A4138F2331007600059F5D /* PBXContainerItemProxy */ = {
			isa = PBXContainerItemProxy;
			containerPortal = C9A4137B2331007600059F5D /* Project object */;
			proxyType = 1;
			remoteGlobalIDString = C9A413832331007600059F5D;
			remoteInfo = Impact;
		};
		C9A413BF233103B700059F5D /* PBXContainerItemProxy */ = {
			isa = PBXContainerItemProxy;
			containerPortal = C9A4137B2331007600059F5D /* Project object */;
			proxyType = 1;
			remoteGlobalIDString = C9A413832331007600059F5D;
			remoteInfo = Impact;
		};
		C9A413C62331B82D00059F5D /* PBXContainerItemProxy */ = {
			isa = PBXContainerItemProxy;
			containerPortal = C9A4137B2331007600059F5D /* Project object */;
			proxyType = 1;
			remoteGlobalIDString = C9A413A2233103A500059F5D;
			remoteInfo = ImpactTestMac;
		};
		C9A413E72333061F00059F5D /* PBXContainerItemProxy */ = {
			isa = PBXContainerItemProxy;
			containerPortal = C9A4137B2331007600059F5D /* Project object */;
			proxyType = 1;
			remoteGlobalIDString = C9A413832331007600059F5D;
			remoteInfo = Impact;
		};
/* End PBXContainerItemProxy section */

/* Begin PBXCopyFilesBuildPhase section */
		C9A413E92333061F00059F5D /* Embed Frameworks */ = {
			isa = PBXCopyFilesBuildPhase;
			buildActionMask = 2147483647;
			dstPath = "";
			dstSubfolderSpec = 10;
			files = (
				C9A413E62333061F00059F5D /* Impact.framework in Embed Frameworks */,
			);
			name = "Embed Frameworks";
			runOnlyForDeploymentPostprocessing = 0;
		};
/* End PBXCopyFilesBuildPhase section */

/* Begin PBXFileReference section */
		C91112572342986C00E72530 /* ImpactRuntimeException.h */ = {isa = PBXFileReference; lastKnownFileType = sourcecode.c.h; path = ImpactRuntimeException.h; sourceTree = "<group>"; };
		C91112582342986C00E72530 /* ImpactRuntimeException.mm */ = {isa = PBXFileReference; lastKnownFileType = sourcecode.cpp.objcpp; path = ImpactRuntimeException.mm; sourceTree = "<group>"; };
		C911125B2342E51700E72530 /* UncaughtNSException.h */ = {isa = PBXFileReference; lastKnownFileType = sourcecode.c.h; path = UncaughtNSException.h; sourceTree = "<group>"; };
		C911125C2342E51700E72530 /* UncaughtNSException.m */ = {isa = PBXFileReference; lastKnownFileType = sourcecode.c.objc; path = UncaughtNSException.m; sourceTree = "<group>"; };
		C911125E23442DD600E72530 /* NonMainThreadUncaughtNSException.h */ = {isa = PBXFileReference; lastKnownFileType = sourcecode.c.h; path = NonMainThreadUncaughtNSException.h; sourceTree = "<group>"; };
		C911125F23442DD600E72530 /* NonMainThreadUncaughtNSException.m */ = {isa = PBXFileReference; lastKnownFileType = sourcecode.c.objc; path = NonMainThreadUncaughtNSException.m; sourceTree = "<group>"; };
		C91112632345836A00E72530 /* ImpactBinaryImage.h */ = {isa = PBXFileReference; lastKnownFileType = sourcecode.c.h; path = ImpactBinaryImage.h; sourceTree = "<group>"; };
		C91112642345836A00E72530 /* ImpactBinaryImage.c */ = {isa = PBXFileReference; lastKnownFileType = sourcecode.c.c; path = ImpactBinaryImage.c; sourceTree = "<group>"; };
		C9111267234613AE00E72530 /* ImpactCompactUnwind.h */ = {isa = PBXFileReference; lastKnownFileType = sourcecode.c.h; path = ImpactCompactUnwind.h; sourceTree = "<group>"; };
		C9111268234613AE00E72530 /* ImpactCompactUnwind.c */ = {isa = PBXFileReference; lastKnownFileType = sourcecode.c.c; path = ImpactCompactUnwind.c; sourceTree = "<group>"; };
		C911126B234613D600E72530 /* ImpactCompactUnwindTests.m */ = {isa = PBXFileReference; lastKnownFileType = sourcecode.c.objc; path = ImpactCompactUnwindTests.m; sourceTree = "<group>"; };
		C911126D234631F900E72530 /* ImpactUnwind_x86_64.c */ = {isa = PBXFileReference; lastKnownFileType = sourcecode.c.c; path = ImpactUnwind_x86_64.c; sourceTree = "<group>"; };
		C91112702346D1CE00E72530 /* unwind */ = {isa = PBXFileReference; lastKnownFileType = folder; path = unwind; sourceTree = "<group>"; };
		C91112732348B95500E72530 /* ImpactDWARFCFITests.m */ = {isa = PBXFileReference; lastKnownFileType = sourcecode.c.objc; path = ImpactDWARFCFITests.m; sourceTree = "<group>"; };
		C91112762348B9AE00E72530 /* ImpactDataCursor.h */ = {isa = PBXFileReference; fileEncoding = 4; lastKnownFileType = sourcecode.c.h; path = ImpactDataCursor.h; sourceTree = "<group>"; };
		C91112772348B9AE00E72530 /* ImpactDWARF.c */ = {isa = PBXFileReference; fileEncoding = 4; lastKnownFileType = sourcecode.c.c; path = ImpactDWARF.c; sourceTree = "<group>"; };
		C91112782348B9AE00E72530 /* ImpactDWARFDefines.h */ = {isa = PBXFileReference; fileEncoding = 4; lastKnownFileType = sourcecode.c.h; path = ImpactDWARFDefines.h; sourceTree = "<group>"; };
		C91112792348B9AF00E72530 /* ImpactDWARF.h */ = {isa = PBXFileReference; fileEncoding = 4; lastKnownFileType = sourcecode.c.h; path = ImpactDWARF.h; sourceTree = "<group>"; };
		C911127A2348B9AF00E72530 /* ImpactDataCursor.c */ = {isa = PBXFileReference; fileEncoding = 4; lastKnownFileType = sourcecode.c.c; path = ImpactDataCursor.c; sourceTree = "<group>"; };
		C911127B2348B9AF00E72530 /* ImpactLEB.h */ = {isa = PBXFileReference; fileEncoding = 4; lastKnownFileType = sourcecode.c.h; path = ImpactLEB.h; sourceTree = "<group>"; };
		C911127C2348B9AF00E72530 /* ImpactDWARFParser.c */ = {isa = PBXFileReference; fileEncoding = 4; lastKnownFileType = sourcecode.c.c; path = ImpactDWARFParser.c; sourceTree = "<group>"; };
		C911127D2348B9AF00E72530 /* ImpactDWARFParser.h */ = {isa = PBXFileReference; fileEncoding = 4; lastKnownFileType = sourcecode.c.h; path = ImpactDWARFParser.h; sourceTree = "<group>"; };
		C925034A233D126A00022334 /* ImpactState.c */ = {isa = PBXFileReference; fileEncoding = 4; lastKnownFileType = sourcecode.c.c; path = ImpactState.c; sourceTree = "<group>"; };
		C9250356233E9E9A00022334 /* ImpactThread.h */ = {isa = PBXFileReference; lastKnownFileType = sourcecode.c.h; path = ImpactThread.h; sourceTree = "<group>"; };
		C9250357233E9E9A00022334 /* ImpactThread.c */ = {isa = PBXFileReference; lastKnownFileType = sourcecode.c.c; path = ImpactThread.c; sourceTree = "<group>"; };
		C925035A233EE76900022334 /* ImpactLogTests.m */ = {isa = PBXFileReference; lastKnownFileType = sourcecode.c.objc; path = ImpactLogTests.m; sourceTree = "<group>"; };
		C925035D233FDDB400022334 /* ImpactUnwind.h */ = {isa = PBXFileReference; lastKnownFileType = sourcecode.c.h; path = ImpactUnwind.h; sourceTree = "<group>"; };
		C925035E233FDDB400022334 /* ImpactUnwind.c */ = {isa = PBXFileReference; lastKnownFileType = sourcecode.c.c; path = ImpactUnwind.c; sourceTree = "<group>"; };
		C9250365234244CD00022334 /* ImpactMonitoredApplication.h */ = {isa = PBXFileReference; lastKnownFileType = sourcecode.c.h; path = ImpactMonitoredApplication.h; sourceTree = "<group>"; };
		C9250366234244CD00022334 /* ImpactMonitoredApplication.m */ = {isa = PBXFileReference; lastKnownFileType = sourcecode.c.objc; path = ImpactMonitoredApplication.m; sourceTree = "<group>"; };
		C9359E3923500F0A000F0572 /* CPPException.h */ = {isa = PBXFileReference; lastKnownFileType = sourcecode.c.h; path = CPPException.h; sourceTree = "<group>"; };
		C9359E3A23500F0A000F0572 /* CPPException.mm */ = {isa = PBXFileReference; lastKnownFileType = sourcecode.cpp.objcpp; path = CPPException.mm; sourceTree = "<group>"; };
		C9359E40235392B6000F0572 /* ImpactDWARFCFIInstructions.h */ = {isa = PBXFileReference; lastKnownFileType = sourcecode.c.h; path = ImpactDWARFCFIInstructions.h; sourceTree = "<group>"; };
		C9359E41235392B6000F0572 /* ImpactDWARFCFIInstructions.c */ = {isa = PBXFileReference; lastKnownFileType = sourcecode.c.c; path = ImpactDWARFCFIInstructions.c; sourceTree = "<group>"; };
		C9359E442354FFAB000F0572 /* ImpactCrashHelper.h */ = {isa = PBXFileReference; lastKnownFileType = sourcecode.c.h; path = ImpactCrashHelper.h; sourceTree = "<group>"; };
		C9359E452354FFAB000F0572 /* ImpactCrashHelper.m */ = {isa = PBXFileReference; lastKnownFileType = sourcecode.c.objc; path = ImpactCrashHelper.m; sourceTree = "<group>"; };
		C939C978234D753E00E2D22D /* ImpactUnwind_arm.c */ = {isa = PBXFileReference; lastKnownFileType = sourcecode.c.c; path = ImpactUnwind_arm.c; sourceTree = "<group>"; };
		C939C97A234E1CA500E2D22D /* ImpactUnwind_i386.c */ = {isa = PBXFileReference; lastKnownFileType = sourcecode.c.c; path = ImpactUnwind_i386.c; sourceTree = "<group>"; };
		C939C97C234E2D3300E2D22D /* ImpactUnwind_arm64.c */ = {isa = PBXFileReference; lastKnownFileType = sourcecode.c.c; path = ImpactUnwind_arm64.c; sourceTree = "<group>"; };
		C9474F0D2335056C00E736D9 /* ImpactDebug.h */ = {isa = PBXFileReference; lastKnownFileType = sourcecode.c.h; path = ImpactDebug.h; sourceTree = "<group>"; };
		C9474F0E23356DFB00E736D9 /* ImpactUtility.h */ = {isa = PBXFileReference; lastKnownFileType = sourcecode.c.h; path = ImpactUtility.h; sourceTree = "<group>"; };
		C99FB1D2234A642700FFABD0 /* ImpactUtility.c */ = {isa = PBXFileReference; lastKnownFileType = sourcecode.c.c; path = ImpactUtility.c; sourceTree = "<group>"; };
		C9A413842331007600059F5D /* Impact.framework */ = {isa = PBXFileReference; explicitFileType = wrapper.framework; includeInIndex = 0; path = Impact.framework; sourceTree = BUILT_PRODUCTS_DIR; };
		C9A413872331007600059F5D /* Impact.h */ = {isa = PBXFileReference; lastKnownFileType = sourcecode.c.h; path = Impact.h; sourceTree = "<group>"; };
		C9A413882331007600059F5D /* Info.plist */ = {isa = PBXFileReference; lastKnownFileType = text.plist.xml; path = Info.plist; sourceTree = "<group>"; };
		C9A4138D2331007600059F5D /* ImpactTests.xctest */ = {isa = PBXFileReference; explicitFileType = wrapper.cfbundle; includeInIndex = 0; path = ImpactTests.xctest; sourceTree = BUILT_PRODUCTS_DIR; };
		C9A413942331007600059F5D /* Info.plist */ = {isa = PBXFileReference; lastKnownFileType = text.plist.xml; path = Info.plist; sourceTree = "<group>"; };
		C9A4139E233100F400059F5D /* Impact.xcconfig */ = {isa = PBXFileReference; lastKnownFileType = text.xcconfig; path = Impact.xcconfig; sourceTree = "<group>"; };
		C9A413A3233103A500059F5D /* ImpactTestMac.app */ = {isa = PBXFileReference; explicitFileType = wrapper.application; includeInIndex = 0; path = ImpactTestMac.app; sourceTree = BUILT_PRODUCTS_DIR; };
		C9A413A5233103A500059F5D /* AppDelegate.swift */ = {isa = PBXFileReference; lastKnownFileType = sourcecode.swift; path = AppDelegate.swift; sourceTree = "<group>"; };
		C9A413A7233103A600059F5D /* Assets.xcassets */ = {isa = PBXFileReference; lastKnownFileType = folder.assetcatalog; path = Assets.xcassets; sourceTree = "<group>"; };
		C9A413AA233103A600059F5D /* Base */ = {isa = PBXFileReference; lastKnownFileType = file.xib; name = Base; path = Base.lproj/MainMenu.xib; sourceTree = "<group>"; };
		C9A413AC233103A600059F5D /* Info.plist */ = {isa = PBXFileReference; lastKnownFileType = text.plist.xml; path = Info.plist; sourceTree = "<group>"; };
		C9A413AD233103A600059F5D /* ImpactTestMac.entitlements */ = {isa = PBXFileReference; lastKnownFileType = text.plist.entitlements; path = ImpactTestMac.entitlements; sourceTree = "<group>"; };
		C9A413C12331045600059F5D /* ViewController.swift */ = {isa = PBXFileReference; lastKnownFileType = sourcecode.swift; path = ViewController.swift; sourceTree = "<group>"; };
		C9A413C32331B73100059F5D /* ImpactTests-Bridging-Header.h */ = {isa = PBXFileReference; lastKnownFileType = sourcecode.c.h; path = "ImpactTests-Bridging-Header.h"; sourceTree = "<group>"; };
		C9A413C42331B73200059F5D /* ImpactCrashTests.swift */ = {isa = PBXFileReference; lastKnownFileType = sourcecode.swift; path = ImpactCrashTests.swift; sourceTree = "<group>"; };
		C9A413C9233243CF00059F5D /* ImpactTestMac-Bridging-Header.h */ = {isa = PBXFileReference; lastKnownFileType = sourcecode.c.h; path = "ImpactTestMac-Bridging-Header.h"; sourceTree = "<group>"; };
		C9A413CA233243CF00059F5D /* CrashInvocation.h */ = {isa = PBXFileReference; lastKnownFileType = sourcecode.c.h; path = CrashInvocation.h; sourceTree = "<group>"; };
		C9A413CB233243CF00059F5D /* CrashInvocation.m */ = {isa = PBXFileReference; lastKnownFileType = sourcecode.c.objc; path = CrashInvocation.m; sourceTree = "<group>"; };
		C9A413CD2332440C00059F5D /* InvokeAbort.h */ = {isa = PBXFileReference; lastKnownFileType = sourcecode.c.h; path = InvokeAbort.h; sourceTree = "<group>"; };
		C9A413CE2332440C00059F5D /* InvokeAbort.m */ = {isa = PBXFileReference; lastKnownFileType = sourcecode.c.objc; path = InvokeAbort.m; sourceTree = "<group>"; };
		C9A413D02332458400059F5D /* ImpactMonitor.h */ = {isa = PBXFileReference; lastKnownFileType = sourcecode.c.h; path = ImpactMonitor.h; sourceTree = "<group>"; };
		C9A413D12332458400059F5D /* ImpactMonitor.m */ = {isa = PBXFileReference; lastKnownFileType = sourcecode.c.objc; path = ImpactMonitor.m; sourceTree = "<group>"; };
		C9A413D52332481300059F5D /* ImpactSignal.h */ = {isa = PBXFileReference; lastKnownFileType = sourcecode.c.h; path = ImpactSignal.h; sourceTree = "<group>"; };
		C9A413D62332481300059F5D /* ImpactSignal.c */ = {isa = PBXFileReference; lastKnownFileType = sourcecode.c.c; path = ImpactSignal.c; sourceTree = "<group>"; };
		C9A413DA23324E9E00059F5D /* ImpactLog.h */ = {isa = PBXFileReference; lastKnownFileType = sourcecode.c.h; path = ImpactLog.h; sourceTree = "<group>"; };
		C9A413DB23324E9E00059F5D /* ImpactLog.m */ = {isa = PBXFileReference; lastKnownFileType = sourcecode.c.objc; path = ImpactLog.m; sourceTree = "<group>"; };
		C9A413DE23324F0100059F5D /* ImpactResult.h */ = {isa = PBXFileReference; lastKnownFileType = sourcecode.c.h; path = ImpactResult.h; sourceTree = "<group>"; };
		C9A413DF23324FF200059F5D /* ImpactPointer.h */ = {isa = PBXFileReference; lastKnownFileType = sourcecode.c.h; path = ImpactPointer.h; sourceTree = "<group>"; };
		C9A413E0233251BB00059F5D /* ImpactState.h */ = {isa = PBXFileReference; lastKnownFileType = sourcecode.c.h; path = ImpactState.h; sourceTree = "<group>"; };
		C9A413EE23338DF000059F5D /* ImpactCrashHandler.c */ = {isa = PBXFileReference; fileEncoding = 4; lastKnownFileType = sourcecode.c.c; path = ImpactCrashHandler.c; sourceTree = "<group>"; };
		C9A413EF23338DF000059F5D /* ImpactCrashHandler.h */ = {isa = PBXFileReference; fileEncoding = 4; lastKnownFileType = sourcecode.c.h; path = ImpactCrashHandler.h; sourceTree = "<group>"; };
		C9A413F223338EB100059F5D /* ImpactCPU.h */ = {isa = PBXFileReference; lastKnownFileType = sourcecode.c.h; path = ImpactCPU.h; sourceTree = "<group>"; };
		C9A413F323338EB100059F5D /* ImpactCPU.c */ = {isa = PBXFileReference; lastKnownFileType = sourcecode.c.c; path = ImpactCPU.c; sourceTree = "<group>"; };
		C9A413F62333983500059F5D /* ImpactMachException.h */ = {isa = PBXFileReference; lastKnownFileType = sourcecode.c.h; path = ImpactMachException.h; sourceTree = "<group>"; };
		C9A413F72333983500059F5D /* ImpactMachException.c */ = {isa = PBXFileReference; lastKnownFileType = sourcecode.c.c; path = ImpactMachException.c; sourceTree = "<group>"; };
		C9A413FD2333C4AD00059F5D /* NullDereference.h */ = {isa = PBXFileReference; fileEncoding = 4; lastKnownFileType = sourcecode.c.h; path = NullDereference.h; sourceTree = "<group>"; };
		C9A413FE2333C4AD00059F5D /* NullDereference.m */ = {isa = PBXFileReference; fileEncoding = 4; lastKnownFileType = sourcecode.c.objc; path = NullDereference.m; sourceTree = "<group>"; };
/* End PBXFileReference section */

/* Begin PBXFrameworksBuildPhase section */
		C9A413812331007600059F5D /* Frameworks */ = {
			isa = PBXFrameworksBuildPhase;
			buildActionMask = 2147483647;
			files = (
			);
			runOnlyForDeploymentPostprocessing = 0;
		};
		C9A4138A2331007600059F5D /* Frameworks */ = {
			isa = PBXFrameworksBuildPhase;
			buildActionMask = 2147483647;
			files = (
				C9A4138E2331007600059F5D /* Impact.framework in Frameworks */,
			);
			runOnlyForDeploymentPostprocessing = 0;
		};
		C9A413A0233103A500059F5D /* Frameworks */ = {
			isa = PBXFrameworksBuildPhase;
			buildActionMask = 2147483647;
			files = (
				C9A413E52333061F00059F5D /* Impact.framework in Frameworks */,
			);
			runOnlyForDeploymentPostprocessing = 0;
		};
/* End PBXFrameworksBuildPhase section */

/* Begin PBXGroup section */
		C911126F2346D17900E72530 /* Resources */ = {
			isa = PBXGroup;
			children = (
				C91112702346D1CE00E72530 /* unwind */,
			);
			path = Resources;
			sourceTree = "<group>";
		};
		C91112752348B97E00E72530 /* DWARF */ = {
			isa = PBXGroup;
			children = (
				C911127A2348B9AF00E72530 /* ImpactDataCursor.c */,
				C91112762348B9AE00E72530 /* ImpactDataCursor.h */,
				C91112772348B9AE00E72530 /* ImpactDWARF.c */,
				C91112792348B9AF00E72530 /* ImpactDWARF.h */,
				C91112782348B9AE00E72530 /* ImpactDWARFDefines.h */,
				C911127C2348B9AF00E72530 /* ImpactDWARFParser.c */,
				C911127D2348B9AF00E72530 /* ImpactDWARFParser.h */,
				C911127B2348B9AF00E72530 /* ImpactLEB.h */,
				C9359E40235392B6000F0572 /* ImpactDWARFCFIInstructions.h */,
				C9359E41235392B6000F0572 /* ImpactDWARFCFIInstructions.c */,
			);
			path = DWARF;
			sourceTree = "<group>";
		};
		C925035C233FDD9100022334 /* Unwind */ = {
			isa = PBXGroup;
			children = (
				C925035D233FDDB400022334 /* ImpactUnwind.h */,
				C925035E233FDDB400022334 /* ImpactUnwind.c */,
				C9111267234613AE00E72530 /* ImpactCompactUnwind.h */,
				C9111268234613AE00E72530 /* ImpactCompactUnwind.c */,
				C911126D234631F900E72530 /* ImpactUnwind_x86_64.c */,
				C939C978234D753E00E2D22D /* ImpactUnwind_arm.c */,
				C939C97A234E1CA500E2D22D /* ImpactUnwind_i386.c */,
				C939C97C234E2D3300E2D22D /* ImpactUnwind_arm64.c */,
			);
			path = Unwind;
			sourceTree = "<group>";
		};
		C9A4137A2331007600059F5D = {
			isa = PBXGroup;
			children = (
				C9A413862331007600059F5D /* Impact */,
				C9A413912331007600059F5D /* ImpactTests */,
				C9A413A4233103A500059F5D /* ImpactTestMac */,
				C9A413852331007600059F5D /* Products */,
				C9A413E42333061F00059F5D /* Frameworks */,
			);
			sourceTree = "<group>";
		};
		C9A413852331007600059F5D /* Products */ = {
			isa = PBXGroup;
			children = (
				C9A413842331007600059F5D /* Impact.framework */,
				C9A4138D2331007600059F5D /* ImpactTests.xctest */,
				C9A413A3233103A500059F5D /* ImpactTestMac.app */,
			);
			name = Products;
			sourceTree = "<group>";
		};
		C9A413862331007600059F5D /* Impact */ = {
			isa = PBXGroup;
			children = (
				C9A413872331007600059F5D /* Impact.h */,
				C9A413882331007600059F5D /* Info.plist */,
				C9A4139E233100F400059F5D /* Impact.xcconfig */,
				C9A413D02332458400059F5D /* ImpactMonitor.h */,
				C9A413D12332458400059F5D /* ImpactMonitor.m */,
				C9A413D42332477F00059F5D /* Monitoring */,
				C925035C233FDD9100022334 /* Unwind */,
				C9A413D923324E8B00059F5D /* Utility */,
				C91112752348B97E00E72530 /* DWARF */,
				C9A413E0233251BB00059F5D /* ImpactState.h */,
				C925034A233D126A00022334 /* ImpactState.c */,
				C9250356233E9E9A00022334 /* ImpactThread.h */,
				C9250357233E9E9A00022334 /* ImpactThread.c */,
				C91112632345836A00E72530 /* ImpactBinaryImage.h */,
				C91112642345836A00E72530 /* ImpactBinaryImage.c */,
			);
			path = Impact;
			sourceTree = "<group>";
		};
		C9A413912331007600059F5D /* ImpactTests */ = {
			isa = PBXGroup;
			children = (
				C911126F2346D17900E72530 /* Resources */,
				C9A413942331007600059F5D /* Info.plist */,
				C9A413C42331B73200059F5D /* ImpactCrashTests.swift */,
				C9A413C32331B73100059F5D /* ImpactTests-Bridging-Header.h */,
				C925035A233EE76900022334 /* ImpactLogTests.m */,
				C911126B234613D600E72530 /* ImpactCompactUnwindTests.m */,
				C91112732348B95500E72530 /* ImpactDWARFCFITests.m */,
				C9359E442354FFAB000F0572 /* ImpactCrashHelper.h */,
				C9359E452354FFAB000F0572 /* ImpactCrashHelper.m */,
			);
			path = ImpactTests;
			sourceTree = "<group>";
		};
		C9A413A4233103A500059F5D /* ImpactTestMac */ = {
			isa = PBXGroup;
			children = (
				C9A413C8233243B000059F5D /* Crashes */,
				C9A413A5233103A500059F5D /* AppDelegate.swift */,
				C9A413A7233103A600059F5D /* Assets.xcassets */,
				C9A413A9233103A600059F5D /* MainMenu.xib */,
				C9A413AC233103A600059F5D /* Info.plist */,
				C9A413AD233103A600059F5D /* ImpactTestMac.entitlements */,
				C9A413C12331045600059F5D /* ViewController.swift */,
				C9A413C9233243CF00059F5D /* ImpactTestMac-Bridging-Header.h */,
			);
			path = ImpactTestMac;
			sourceTree = "<group>";
		};
		C9A413C8233243B000059F5D /* Crashes */ = {
			isa = PBXGroup;
			children = (
				C9A413FD2333C4AD00059F5D /* NullDereference.h */,
				C9A413FE2333C4AD00059F5D /* NullDereference.m */,
				C9A413CA233243CF00059F5D /* CrashInvocation.h */,
				C9A413CB233243CF00059F5D /* CrashInvocation.m */,
				C9A413CD2332440C00059F5D /* InvokeAbort.h */,
				C9A413CE2332440C00059F5D /* InvokeAbort.m */,
				C911125B2342E51700E72530 /* UncaughtNSException.h */,
				C911125C2342E51700E72530 /* UncaughtNSException.m */,
				C911125E23442DD600E72530 /* NonMainThreadUncaughtNSException.h */,
				C911125F23442DD600E72530 /* NonMainThreadUncaughtNSException.m */,
				C9359E3923500F0A000F0572 /* CPPException.h */,
				C9359E3A23500F0A000F0572 /* CPPException.mm */,
			);
			path = Crashes;
			sourceTree = "<group>";
		};
		C9A413D42332477F00059F5D /* Monitoring */ = {
			isa = PBXGroup;
			children = (
				C9A413D52332481300059F5D /* ImpactSignal.h */,
				C9A413D62332481300059F5D /* ImpactSignal.c */,
				C9A413F62333983500059F5D /* ImpactMachException.h */,
				C9A413F72333983500059F5D /* ImpactMachException.c */,
				C9A413EE23338DF000059F5D /* ImpactCrashHandler.c */,
				C9A413EF23338DF000059F5D /* ImpactCrashHandler.h */,
				C9250365234244CD00022334 /* ImpactMonitoredApplication.h */,
				C9250366234244CD00022334 /* ImpactMonitoredApplication.m */,
				C91112572342986C00E72530 /* ImpactRuntimeException.h */,
				C91112582342986C00E72530 /* ImpactRuntimeException.mm */,
			);
			path = Monitoring;
			sourceTree = "<group>";
		};
		C9A413D923324E8B00059F5D /* Utility */ = {
			isa = PBXGroup;
			children = (
				C9A413DA23324E9E00059F5D /* ImpactLog.h */,
				C9A413DB23324E9E00059F5D /* ImpactLog.m */,
				C9A413DE23324F0100059F5D /* ImpactResult.h */,
				C9A413DF23324FF200059F5D /* ImpactPointer.h */,
				C9A413F223338EB100059F5D /* ImpactCPU.h */,
				C9A413F323338EB100059F5D /* ImpactCPU.c */,
				C9474F0D2335056C00E736D9 /* ImpactDebug.h */,
				C9474F0E23356DFB00E736D9 /* ImpactUtility.h */,
				C99FB1D2234A642700FFABD0 /* ImpactUtility.c */,
			);
			path = Utility;
			sourceTree = "<group>";
		};
		C9A413E42333061F00059F5D /* Frameworks */ = {
			isa = PBXGroup;
			children = (
			);
			name = Frameworks;
			sourceTree = "<group>";
		};
/* End PBXGroup section */

/* Begin PBXHeadersBuildPhase section */
		C9A4137F2331007600059F5D /* Headers */ = {
			isa = PBXHeadersBuildPhase;
			buildActionMask = 2147483647;
			files = (
				C91112812348B9AF00E72530 /* ImpactDWARF.h in Headers */,
				C91112852348B9AF00E72530 /* ImpactDWARFParser.h in Headers */,
				C9A413F423338EB100059F5D /* ImpactCPU.h in Headers */,
				C9111269234613AE00E72530 /* ImpactCompactUnwind.h in Headers */,
				C91112652345836A00E72530 /* ImpactBinaryImage.h in Headers */,
				C91112832348B9AF00E72530 /* ImpactLEB.h in Headers */,
				C9250367234244CD00022334 /* ImpactMonitoredApplication.h in Headers */,
				C9250358233E9E9A00022334 /* ImpactThread.h in Headers */,
				C91112592342986C00E72530 /* ImpactRuntimeException.h in Headers */,
				C9A413F82333983500059F5D /* ImpactMachException.h in Headers */,
				C9A413952331007600059F5D /* Impact.h in Headers */,
				C9A413F123338DF000059F5D /* ImpactCrashHandler.h in Headers */,
				C911127E2348B9AF00E72530 /* ImpactDataCursor.h in Headers */,
				C91112802348B9AF00E72530 /* ImpactDWARFDefines.h in Headers */,
				C925035F233FDDB400022334 /* ImpactUnwind.h in Headers */,
				C9A413DC23324E9E00059F5D /* ImpactLog.h in Headers */,
				C9A413D72332481300059F5D /* ImpactSignal.h in Headers */,
				C9A413D22332458400059F5D /* ImpactMonitor.h in Headers */,
				C9A413E2233251BB00059F5D /* ImpactState.h in Headers */,
				C9359E42235392B6000F0572 /* ImpactDWARFCFIInstructions.h in Headers */,
			);
			runOnlyForDeploymentPostprocessing = 0;
		};
/* End PBXHeadersBuildPhase section */

/* Begin PBXNativeTarget section */
		C9A413832331007600059F5D /* Impact */ = {
			isa = PBXNativeTarget;
			buildConfigurationList = C9A413982331007600059F5D /* Build configuration list for PBXNativeTarget "Impact" */;
			buildPhases = (
				C9A4137F2331007600059F5D /* Headers */,
				C9A413802331007600059F5D /* Sources */,
				C9A413812331007600059F5D /* Frameworks */,
				C9A413822331007600059F5D /* Resources */,
			);
			buildRules = (
			);
			dependencies = (
			);
			name = Impact;
			productName = Impact;
			productReference = C9A413842331007600059F5D /* Impact.framework */;
			productType = "com.apple.product-type.framework";
		};
		C9A4138C2331007600059F5D /* ImpactTests */ = {
			isa = PBXNativeTarget;
			buildConfigurationList = C9A4139B2331007600059F5D /* Build configuration list for PBXNativeTarget "ImpactTests" */;
			buildPhases = (
				C9A413892331007600059F5D /* Sources */,
				C9A4138A2331007600059F5D /* Frameworks */,
				C9A4138B2331007600059F5D /* Resources */,
			);
			buildRules = (
			);
			dependencies = (
				C9A413C72331B82D00059F5D /* PBXTargetDependency */,
				C9A413902331007600059F5D /* PBXTargetDependency */,
			);
			name = ImpactTests;
			productName = ImpactTests;
			productReference = C9A4138D2331007600059F5D /* ImpactTests.xctest */;
			productType = "com.apple.product-type.bundle.unit-test";
		};
		C9A413A2233103A500059F5D /* ImpactTestMac */ = {
			isa = PBXNativeTarget;
			buildConfigurationList = C9A413B9233103A700059F5D /* Build configuration list for PBXNativeTarget "ImpactTestMac" */;
			buildPhases = (
				C9A4139F233103A500059F5D /* Sources */,
				C9A413A0233103A500059F5D /* Frameworks */,
				C9A413A1233103A500059F5D /* Resources */,
				C9A413E92333061F00059F5D /* Embed Frameworks */,
			);
			buildRules = (
			);
			dependencies = (
				C9A413C0233103B700059F5D /* PBXTargetDependency */,
				C9A413E82333061F00059F5D /* PBXTargetDependency */,
			);
			name = ImpactTestMac;
			productName = ImpactTestMac;
			productReference = C9A413A3233103A500059F5D /* ImpactTestMac.app */;
			productType = "com.apple.product-type.application";
		};
/* End PBXNativeTarget section */

/* Begin PBXProject section */
		C9A4137B2331007600059F5D /* Project object */ = {
			isa = PBXProject;
			attributes = {
				LastSwiftUpdateCheck = 1100;
				LastUpgradeCheck = 1120;
				ORGANIZATIONNAME = "Chime Systems Inc";
				TargetAttributes = {
					C9A413832331007600059F5D = {
						CreatedOnToolsVersion = 11.0;
					};
					C9A4138C2331007600059F5D = {
						CreatedOnToolsVersion = 11.0;
						LastSwiftMigration = 1100;
					};
					C9A413A2233103A500059F5D = {
						CreatedOnToolsVersion = 11.0;
						LastSwiftMigration = 1100;
					};
				};
			};
			buildConfigurationList = C9A4137E2331007600059F5D /* Build configuration list for PBXProject "Impact" */;
			compatibilityVersion = "Xcode 9.3";
			developmentRegion = en;
			hasScannedForEncodings = 0;
			knownRegions = (
				en,
				Base,
			);
			mainGroup = C9A4137A2331007600059F5D;
			productRefGroup = C9A413852331007600059F5D /* Products */;
			projectDirPath = "";
			projectRoot = "";
			targets = (
				C9A413832331007600059F5D /* Impact */,
				C9A4138C2331007600059F5D /* ImpactTests */,
				C9A413A2233103A500059F5D /* ImpactTestMac */,
			);
		};
/* End PBXProject section */

/* Begin PBXResourcesBuildPhase section */
		C9A413822331007600059F5D /* Resources */ = {
			isa = PBXResourcesBuildPhase;
			buildActionMask = 2147483647;
			files = (
			);
			runOnlyForDeploymentPostprocessing = 0;
		};
		C9A4138B2331007600059F5D /* Resources */ = {
			isa = PBXResourcesBuildPhase;
			buildActionMask = 2147483647;
			files = (
				C91112712346D1CE00E72530 /* unwind in Resources */,
			);
			runOnlyForDeploymentPostprocessing = 0;
		};
		C9A413A1233103A500059F5D /* Resources */ = {
			isa = PBXResourcesBuildPhase;
			buildActionMask = 2147483647;
			files = (
				C9A413A8233103A600059F5D /* Assets.xcassets in Resources */,
				C9A413AB233103A600059F5D /* MainMenu.xib in Resources */,
			);
			runOnlyForDeploymentPostprocessing = 0;
		};
/* End PBXResourcesBuildPhase section */

/* Begin PBXSourcesBuildPhase section */
		C9A413802331007600059F5D /* Sources */ = {
			isa = PBXSourcesBuildPhase;
			buildActionMask = 2147483647;
			files = (
				C99FB1D3234A642700FFABD0 /* ImpactUtility.c in Sources */,
				C9250368234244CD00022334 /* ImpactMonitoredApplication.m in Sources */,
				C9A413D32332458400059F5D /* ImpactMonitor.m in Sources */,
				C91112722346D26D00E72530 /* ImpactUnwind.c in Sources */,
				C9A413DD23324E9E00059F5D /* ImpactLog.m in Sources */,
				C925034B233D126A00022334 /* ImpactState.c in Sources */,
				C9A413F523338EB100059F5D /* ImpactCPU.c in Sources */,
				C911126A234613AE00E72530 /* ImpactCompactUnwind.c in Sources */,
				C91112842348B9AF00E72530 /* ImpactDWARFParser.c in Sources */,
				C9A413F023338DF000059F5D /* ImpactCrashHandler.c in Sources */,
				C9250359233E9E9A00022334 /* ImpactThread.c in Sources */,
				C939C979234D753E00E2D22D /* ImpactUnwind_arm.c in Sources */,
				C939C97B234E1CA500E2D22D /* ImpactUnwind_i386.c in Sources */,
				C91112822348B9AF00E72530 /* ImpactDataCursor.c in Sources */,
				C9359E43235392B6000F0572 /* ImpactDWARFCFIInstructions.c in Sources */,
				C9A413F92333983500059F5D /* ImpactMachException.c in Sources */,
				C911127F2348B9AF00E72530 /* ImpactDWARF.c in Sources */,
				C9A413D82332481300059F5D /* ImpactSignal.c in Sources */,
				C911126E234631F900E72530 /* ImpactUnwind_x86_64.c in Sources */,
				C939C97D234E2D3300E2D22D /* ImpactUnwind_arm64.c in Sources */,
				C91112662345836A00E72530 /* ImpactBinaryImage.c in Sources */,
				C911125A2342986C00E72530 /* ImpactRuntimeException.mm in Sources */,
			);
			runOnlyForDeploymentPostprocessing = 0;
		};
		C9A413892331007600059F5D /* Sources */ = {
			isa = PBXSourcesBuildPhase;
			buildActionMask = 2147483647;
			files = (
				C925035B233EE76900022334 /* ImpactLogTests.m in Sources */,
				C9359E462354FFAB000F0572 /* ImpactCrashHelper.m in Sources */,
				C9A413C52331B73200059F5D /* ImpactCrashTests.swift in Sources */,
				C911126C234613D600E72530 /* ImpactCompactUnwindTests.m in Sources */,
				C91112742348B95500E72530 /* ImpactDWARFCFITests.m in Sources */,
			);
			runOnlyForDeploymentPostprocessing = 0;
		};
		C9A4139F233103A500059F5D /* Sources */ = {
			isa = PBXSourcesBuildPhase;
			buildActionMask = 2147483647;
			files = (
				C911126023442DD600E72530 /* NonMainThreadUncaughtNSException.m in Sources */,
				C9A414012333C4D800059F5D /* NullDereference.m in Sources */,
				C911125D2342E51700E72530 /* UncaughtNSException.m in Sources */,
				C9359E3B23500F0A000F0572 /* CPPException.mm in Sources */,
				C9A413CF2332440C00059F5D /* InvokeAbort.m in Sources */,
				C9A413CC233243CF00059F5D /* CrashInvocation.m in Sources */,
				C9A413C22331045600059F5D /* ViewController.swift in Sources */,
				C9A413A6233103A500059F5D /* AppDelegate.swift in Sources */,
			);
			runOnlyForDeploymentPostprocessing = 0;
		};
/* End PBXSourcesBuildPhase section */

/* Begin PBXTargetDependency section */
		C9A413902331007600059F5D /* PBXTargetDependency */ = {
			isa = PBXTargetDependency;
			target = C9A413832331007600059F5D /* Impact */;
			targetProxy = C9A4138F2331007600059F5D /* PBXContainerItemProxy */;
		};
		C9A413C0233103B700059F5D /* PBXTargetDependency */ = {
			isa = PBXTargetDependency;
			target = C9A413832331007600059F5D /* Impact */;
			targetProxy = C9A413BF233103B700059F5D /* PBXContainerItemProxy */;
		};
		C9A413C72331B82D00059F5D /* PBXTargetDependency */ = {
			isa = PBXTargetDependency;
			target = C9A413A2233103A500059F5D /* ImpactTestMac */;
			targetProxy = C9A413C62331B82D00059F5D /* PBXContainerItemProxy */;
		};
		C9A413E82333061F00059F5D /* PBXTargetDependency */ = {
			isa = PBXTargetDependency;
			target = C9A413832331007600059F5D /* Impact */;
			targetProxy = C9A413E72333061F00059F5D /* PBXContainerItemProxy */;
		};
/* End PBXTargetDependency section */

/* Begin PBXVariantGroup section */
		C9A413A9233103A600059F5D /* MainMenu.xib */ = {
			isa = PBXVariantGroup;
			children = (
				C9A413AA233103A600059F5D /* Base */,
			);
			name = MainMenu.xib;
			sourceTree = "<group>";
		};
/* End PBXVariantGroup section */

/* Begin XCBuildConfiguration section */
		C9A413962331007600059F5D /* Debug */ = {
			isa = XCBuildConfiguration;
			buildSettings = {
				ALWAYS_SEARCH_USER_PATHS = NO;
				CLANG_ANALYZER_NONNULL = YES;
				CLANG_ANALYZER_NUMBER_OBJECT_CONVERSION = YES_AGGRESSIVE;
				CLANG_CXX_LANGUAGE_STANDARD = "gnu++14";
				CLANG_CXX_LIBRARY = "libc++";
				CLANG_ENABLE_MODULES = YES;
				CLANG_ENABLE_OBJC_ARC = YES;
				CLANG_ENABLE_OBJC_WEAK = YES;
				CLANG_WARN_BLOCK_CAPTURE_AUTORELEASING = YES;
				CLANG_WARN_BOOL_CONVERSION = YES;
				CLANG_WARN_COMMA = YES;
				CLANG_WARN_CONSTANT_CONVERSION = YES;
				CLANG_WARN_DEPRECATED_OBJC_IMPLEMENTATIONS = YES;
				CLANG_WARN_DIRECT_OBJC_ISA_USAGE = YES_ERROR;
				CLANG_WARN_DOCUMENTATION_COMMENTS = YES;
				CLANG_WARN_EMPTY_BODY = YES;
				CLANG_WARN_ENUM_CONVERSION = YES;
				CLANG_WARN_INFINITE_RECURSION = YES;
				CLANG_WARN_INT_CONVERSION = YES;
				CLANG_WARN_NON_LITERAL_NULL_CONVERSION = YES;
				CLANG_WARN_OBJC_IMPLICIT_RETAIN_SELF = YES;
				CLANG_WARN_OBJC_LITERAL_CONVERSION = YES;
				CLANG_WARN_OBJC_ROOT_CLASS = YES_ERROR;
				CLANG_WARN_RANGE_LOOP_ANALYSIS = YES;
				CLANG_WARN_STRICT_PROTOTYPES = YES;
				CLANG_WARN_SUSPICIOUS_MOVE = YES;
				CLANG_WARN_UNGUARDED_AVAILABILITY = YES_AGGRESSIVE;
				CLANG_WARN_UNREACHABLE_CODE = YES;
				CLANG_WARN__DUPLICATE_METHOD_MATCH = YES;
				COPY_PHASE_STRIP = NO;
				CURRENT_PROJECT_VERSION = 1;
				DEBUG_INFORMATION_FORMAT = dwarf;
				ENABLE_STRICT_OBJC_MSGSEND = YES;
				ENABLE_TESTABILITY = YES;
				GCC_C_LANGUAGE_STANDARD = gnu11;
				GCC_DYNAMIC_NO_PIC = NO;
				GCC_NO_COMMON_BLOCKS = YES;
				GCC_OPTIMIZATION_LEVEL = 0;
				GCC_PREPROCESSOR_DEFINITIONS = (
					"DEBUG=1",
					"$(inherited)",
				);
				GCC_WARN_64_TO_32_BIT_CONVERSION = YES;
				GCC_WARN_ABOUT_RETURN_TYPE = YES_ERROR;
				GCC_WARN_UNDECLARED_SELECTOR = YES;
				GCC_WARN_UNINITIALIZED_AUTOS = YES_AGGRESSIVE;
				GCC_WARN_UNUSED_FUNCTION = YES;
				GCC_WARN_UNUSED_VARIABLE = YES;
				MACOSX_DEPLOYMENT_TARGET = 10.14;
				MTL_ENABLE_DEBUG_INFO = INCLUDE_SOURCE;
				MTL_FAST_MATH = YES;
				ONLY_ACTIVE_ARCH = YES;
				SDKROOT = macosx;
				VERSIONING_SYSTEM = "apple-generic";
				VERSION_INFO_PREFIX = "";
			};
			name = Debug;
		};
		C9A413972331007600059F5D /* Release */ = {
			isa = XCBuildConfiguration;
			buildSettings = {
				ALWAYS_SEARCH_USER_PATHS = NO;
				CLANG_ANALYZER_NONNULL = YES;
				CLANG_ANALYZER_NUMBER_OBJECT_CONVERSION = YES_AGGRESSIVE;
				CLANG_CXX_LANGUAGE_STANDARD = "gnu++14";
				CLANG_CXX_LIBRARY = "libc++";
				CLANG_ENABLE_MODULES = YES;
				CLANG_ENABLE_OBJC_ARC = YES;
				CLANG_ENABLE_OBJC_WEAK = YES;
				CLANG_WARN_BLOCK_CAPTURE_AUTORELEASING = YES;
				CLANG_WARN_BOOL_CONVERSION = YES;
				CLANG_WARN_COMMA = YES;
				CLANG_WARN_CONSTANT_CONVERSION = YES;
				CLANG_WARN_DEPRECATED_OBJC_IMPLEMENTATIONS = YES;
				CLANG_WARN_DIRECT_OBJC_ISA_USAGE = YES_ERROR;
				CLANG_WARN_DOCUMENTATION_COMMENTS = YES;
				CLANG_WARN_EMPTY_BODY = YES;
				CLANG_WARN_ENUM_CONVERSION = YES;
				CLANG_WARN_INFINITE_RECURSION = YES;
				CLANG_WARN_INT_CONVERSION = YES;
				CLANG_WARN_NON_LITERAL_NULL_CONVERSION = YES;
				CLANG_WARN_OBJC_IMPLICIT_RETAIN_SELF = YES;
				CLANG_WARN_OBJC_LITERAL_CONVERSION = YES;
				CLANG_WARN_OBJC_ROOT_CLASS = YES_ERROR;
				CLANG_WARN_RANGE_LOOP_ANALYSIS = YES;
				CLANG_WARN_STRICT_PROTOTYPES = YES;
				CLANG_WARN_SUSPICIOUS_MOVE = YES;
				CLANG_WARN_UNGUARDED_AVAILABILITY = YES_AGGRESSIVE;
				CLANG_WARN_UNREACHABLE_CODE = YES;
				CLANG_WARN__DUPLICATE_METHOD_MATCH = YES;
				COPY_PHASE_STRIP = NO;
				CURRENT_PROJECT_VERSION = 1;
				DEBUG_INFORMATION_FORMAT = "dwarf-with-dsym";
				ENABLE_NS_ASSERTIONS = NO;
				ENABLE_STRICT_OBJC_MSGSEND = YES;
				GCC_C_LANGUAGE_STANDARD = gnu11;
				GCC_NO_COMMON_BLOCKS = YES;
				GCC_WARN_64_TO_32_BIT_CONVERSION = YES;
				GCC_WARN_ABOUT_RETURN_TYPE = YES_ERROR;
				GCC_WARN_UNDECLARED_SELECTOR = YES;
				GCC_WARN_UNINITIALIZED_AUTOS = YES_AGGRESSIVE;
				GCC_WARN_UNUSED_FUNCTION = YES;
				GCC_WARN_UNUSED_VARIABLE = YES;
				MACOSX_DEPLOYMENT_TARGET = 10.14;
				MTL_ENABLE_DEBUG_INFO = NO;
				MTL_FAST_MATH = YES;
				SDKROOT = macosx;
				SWIFT_COMPILATION_MODE = wholemodule;
				VERSIONING_SYSTEM = "apple-generic";
				VERSION_INFO_PREFIX = "";
			};
			name = Release;
		};
		C9A413992331007600059F5D /* Debug */ = {
			isa = XCBuildConfiguration;
			baseConfigurationReference = C9A4139E233100F400059F5D /* Impact.xcconfig */;
			buildSettings = {
				CODE_SIGN_STYLE = Automatic;
				COMBINE_HIDPI_IMAGES = YES;
				DEFINES_MODULE = YES;
				DYLIB_COMPATIBILITY_VERSION = 1;
				DYLIB_INSTALL_NAME_BASE = "@rpath";
				INSTALL_PATH = "$(LOCAL_LIBRARY_DIR)/Frameworks";
				LD_RUNPATH_SEARCH_PATHS = (
					"$(inherited)",
					"@executable_path/../Frameworks",
					"@loader_path/Frameworks",
				);
				SKIP_INSTALL = YES;
			};
			name = Debug;
		};
		C9A4139A2331007600059F5D /* Release */ = {
			isa = XCBuildConfiguration;
			baseConfigurationReference = C9A4139E233100F400059F5D /* Impact.xcconfig */;
			buildSettings = {
				CODE_SIGN_STYLE = Automatic;
				COMBINE_HIDPI_IMAGES = YES;
				DEFINES_MODULE = YES;
				DYLIB_COMPATIBILITY_VERSION = 1;
				DYLIB_INSTALL_NAME_BASE = "@rpath";
				INSTALL_PATH = "$(LOCAL_LIBRARY_DIR)/Frameworks";
				LD_RUNPATH_SEARCH_PATHS = (
					"$(inherited)",
					"@executable_path/../Frameworks",
					"@loader_path/Frameworks",
				);
				SKIP_INSTALL = YES;
			};
			name = Release;
		};
		C9A4139C2331007600059F5D /* Debug */ = {
			isa = XCBuildConfiguration;
			buildSettings = {
				CLANG_ENABLE_MODULES = YES;
				CODE_SIGN_STYLE = Automatic;
				COMBINE_HIDPI_IMAGES = YES;
				DEVELOPMENT_TEAM = "";
				INFOPLIST_FILE = ImpactTests/Info.plist;
				LD_RUNPATH_SEARCH_PATHS = (
					"$(inherited)",
					"@executable_path/../Frameworks",
					"@loader_path/../Frameworks",
				);
				PRODUCT_BUNDLE_IDENTIFIER = com.chimehq.ImpactTests;
				PRODUCT_NAME = "$(TARGET_NAME)";
				SWIFT_OBJC_BRIDGING_HEADER = "ImpactTests/ImpactTests-Bridging-Header.h";
				SWIFT_OPTIMIZATION_LEVEL = "-Onone";
				SWIFT_VERSION = 5.0;
			};
			name = Debug;
		};
		C9A4139D2331007600059F5D /* Release */ = {
			isa = XCBuildConfiguration;
			buildSettings = {
				CLANG_ENABLE_MODULES = YES;
				CODE_SIGN_STYLE = Automatic;
				COMBINE_HIDPI_IMAGES = YES;
				DEVELOPMENT_TEAM = "";
				INFOPLIST_FILE = ImpactTests/Info.plist;
				LD_RUNPATH_SEARCH_PATHS = (
					"$(inherited)",
					"@executable_path/../Frameworks",
					"@loader_path/../Frameworks",
				);
				PRODUCT_BUNDLE_IDENTIFIER = com.chimehq.ImpactTests;
				PRODUCT_NAME = "$(TARGET_NAME)";
				SWIFT_OBJC_BRIDGING_HEADER = "ImpactTests/ImpactTests-Bridging-Header.h";
				SWIFT_VERSION = 5.0;
			};
			name = Release;
		};
		C9A413BA233103A700059F5D /* Debug */ = {
			isa = XCBuildConfiguration;
			buildSettings = {
				ASSETCATALOG_COMPILER_APPICON_NAME = AppIcon;
				CLANG_ENABLE_MODULES = YES;
				CODE_SIGN_ENTITLEMENTS = ImpactTestMac/ImpactTestMac.entitlements;
				CODE_SIGN_IDENTITY = "-";
				CODE_SIGN_STYLE = Automatic;
				COMBINE_HIDPI_IMAGES = YES;
				INFOPLIST_FILE = ImpactTestMac/Info.plist;
				LD_RUNPATH_SEARCH_PATHS = (
					"$(inherited)",
					"@executable_path/../Frameworks",
				);
				PRODUCT_BUNDLE_IDENTIFIER = com.chimehq.ImpactTestMac;
				PRODUCT_NAME = "$(TARGET_NAME)";
				SWIFT_ACTIVE_COMPILATION_CONDITIONS = DEBUG;
				SWIFT_OBJC_BRIDGING_HEADER = "ImpactTestMac/ImpactTestMac-Bridging-Header.h";
				SWIFT_OPTIMIZATION_LEVEL = "-Onone";
				SWIFT_VERSION = 5.0;
			};
			name = Debug;
		};
		C9A413BB233103A700059F5D /* Release */ = {
			isa = XCBuildConfiguration;
			buildSettings = {
				ASSETCATALOG_COMPILER_APPICON_NAME = AppIcon;
				CLANG_ENABLE_MODULES = YES;
				CODE_SIGN_ENTITLEMENTS = ImpactTestMac/ImpactTestMac.entitlements;
				CODE_SIGN_IDENTITY = "-";
				CODE_SIGN_STYLE = Automatic;
				COMBINE_HIDPI_IMAGES = YES;
				INFOPLIST_FILE = ImpactTestMac/Info.plist;
				LD_RUNPATH_SEARCH_PATHS = (
					"$(inherited)",
					"@executable_path/../Frameworks",
				);
				PRODUCT_BUNDLE_IDENTIFIER = com.chimehq.ImpactTestMac;
				PRODUCT_NAME = "$(TARGET_NAME)";
				SWIFT_COMPILATION_MODE = wholemodule;
				SWIFT_OBJC_BRIDGING_HEADER = "ImpactTestMac/ImpactTestMac-Bridging-Header.h";
				SWIFT_OPTIMIZATION_LEVEL = "-O";
				SWIFT_VERSION = 5.0;
			};
			name = Release;
		};
/* End XCBuildConfiguration section */

/* Begin XCConfigurationList section */
		C9A4137E2331007600059F5D /* Build configuration list for PBXProject "Impact" */ = {
			isa = XCConfigurationList;
			buildConfigurations = (
				C9A413962331007600059F5D /* Debug */,
				C9A413972331007600059F5D /* Release */,
			);
			defaultConfigurationIsVisible = 0;
			defaultConfigurationName = Release;
		};
		C9A413982331007600059F5D /* Build configuration list for PBXNativeTarget "Impact" */ = {
			isa = XCConfigurationList;
			buildConfigurations = (
				C9A413992331007600059F5D /* Debug */,
				C9A4139A2331007600059F5D /* Release */,
			);
			defaultConfigurationIsVisible = 0;
			defaultConfigurationName = Release;
		};
		C9A4139B2331007600059F5D /* Build configuration list for PBXNativeTarget "ImpactTests" */ = {
			isa = XCConfigurationList;
			buildConfigurations = (
				C9A4139C2331007600059F5D /* Debug */,
				C9A4139D2331007600059F5D /* Release */,
			);
			defaultConfigurationIsVisible = 0;
			defaultConfigurationName = Release;
		};
		C9A413B9233103A700059F5D /* Build configuration list for PBXNativeTarget "ImpactTestMac" */ = {
			isa = XCConfigurationList;
			buildConfigurations = (
				C9A413BA233103A700059F5D /* Debug */,
				C9A413BB233103A700059F5D /* Release */,
			);
			defaultConfigurationIsVisible = 0;
			defaultConfigurationName = Release;
		};
/* End XCConfigurationList section */
	};
	rootObject = C9A4137B2331007600059F5D /* Project object */;
}
